
Microsoft Visual Studio Solution File, Format Version 12.00
# Visual Studio 15
VisualStudioVersion = 15.0.28307.329
MinimumVisualStudioVersion = 10.0.40219.1
Project("{8BC9CEB8-8B4A-11D0-8D11-00A0C91BC942}") = "Tetris", "Tetris\Tetris.vcxproj", "{82D1D8F7-3FD9-472C-92B1-3D82454146CA}"
EndProject
Global
	GlobalSection(SolutionConfigurationPlatforms) = preSolution
		Debug|x64 = Debug|x64
		Debug|x86 = Debug|x86
		Release|x64 = Release|x64
		Release|x86 = Release|x86
	EndGlobalSection
	GlobalSection(ProjectConfigurationPlatforms) = postSolution
		{82D1D8F7-3FD9-472C-92B1-3D82454146CA}.Debug|x64.ActiveCfg = Debug|x64
		{82D1D8F7-3FD9-472C-92B1-3D82454146CA}.Debug|x64.Build.0 = Debug|x64
		{82D1D8F7-3FD9-472C-92B1-3D82454146CA}.Debug|x86.ActiveCfg = Debug|Win32
		{82D1D8F7-3FD9-472C-92B1-3D82454146CA}.Debug|x86.Build.0 = Debug|Win32
		{82D1D8F7-3FD9-472C-92B1-3D82454146CA}.Release|x64.ActiveCfg = Release|x64
		{82D1D8F7-3FD9-472C-92B1-3D82454146CA}.Release|x64.Build.0 = Release|x64
		{82D1D8F7-3FD9-472C-92B1-3D82454146CA}.Release|x86.ActiveCfg = Release|Win32
		{82D1D8F7-3FD9-472C-92B1-3D82454146CA}.Release|x86.Build.0 = Release|Win32
	EndGlobalSection
	GlobalSection(SolutionProperties) = preSolution
		HideSolutionNode = FALSE
	EndGlobalSection
	GlobalSection(ExtensibilityGlobals) = postSolution
		SolutionGuid = {DAEB4DF8-8546-4090-9AD4-0CE2A84D92EF}
	EndGlobalSection
EndGlobal
